<Solution>
  <Configurations>
    <Platform Name="ARM" />
    <Platform Name="ARM64" />
    <Platform Name="x64" />
    <Platform Name="x86" />
  </Configurations>
  <Project Path="Sketch2.vcxproj" Id="9f98671a-231e-4e5a-aa65-c86a06dfcdac">
    <Platform Solution="*|x86" Project="x86" />
    <Deploy />
  </Project>
</Solution>
