<Solution>
  <Configurations>
    <Platform Name="ARM" />
    <Platform Name="ARM64" />
    <Platform Name="x64" />
    <Platform Name="x86" />
  </Configurations>
  <Project Path="Sketch3.vcxproj" Id="6d1214cf-7f9c-465e-9647-fbf0f015f0bb">
    <Platform Solution="*|x86" Project="x86" />
    <Deploy />
  </Project>
</Solution>
