<Solution>
  <Configurations>
    <Platform Name="ARM" />
    <Platform Name="ARM64" />
    <Platform Name="x64" />
    <Platform Name="x86" />
  </Configurations>
  <Project Path="Sketch1.vcxproj" Id="359d7cb1-4b42-4675-b88c-0de6cddaac12">
    <Platform Solution="*|x86" Project="x86" />
    <Deploy />
  </Project>
</Solution>
