<Solution>
  <Configurations>
    <Platform Name="ARM" />
    <Platform Name="ARM64" />
    <Platform Name="x64" />
    <Platform Name="x86" />
  </Configurations>
  <Project Path="xintiao.vcxproj" Id="0a95f912-64d8-489d-81f8-53b777e2d83d">
    <Platform Solution="*|x86" Project="x86" />
    <Deploy />
  </Project>
</Solution>
